// !$*UTF8*$!
{
	archiveVersion = 1;
	classes = {
	};
	objectVersion = 46;
	objects = {

/* Begin PBXBuildFile section */
		A56CA5E01E9C0AEB002C81F5 /* AppDelegate.swift in Sources */ = {isa = PBXBuildFile; fileRef = A56CA5DF1E9C0AEB002C81F5 /* AppDelegate.swift */; };
		A56CA5E41E9C0AEB002C81F5 /* Actions.sks in Resources */ = {isa = PBXBuildFile; fileRef = A56CA5E31E9C0AEB002C81F5 /* Actions.sks */; };
		A56CA5EB1E9C0AEB002C81F5 /* Main.storyboard in Resources */ = {isa = PBXBuildFile; fileRef = A56CA5E91E9C0AEB002C81F5 /* Main.storyboard */; };
		A56CA5ED1E9C0AEB002C81F5 /* Assets.xcassets in Resources */ = {isa = PBXBuildFile; fileRef = A56CA5EC1E9C0AEB002C81F5 /* Assets.xcassets */; };
		A56CA5F01E9C0AEB002C81F5 /* LaunchScreen.storyboard in Resources */ = {isa = PBXBuildFile; fileRef = A56CA5EE1E9C0AEB002C81F5 /* LaunchScreen.storyboard */; };
		A56CA5FB1E9C0AEB002C81F5 /* SquaredTests.swift in Sources */ = {isa = PBXBuildFile; fileRef = A56CA5FA1E9C0AEB002C81F5 /* SquaredTests.swift */; };
		A56CA6061E9C0AEB002C81F5 /* SquaredUITests.swift in Sources */ = {isa = PBXBuildFile; fileRef = A56CA6051E9C0AEB002C81F5 /* SquaredUITests.swift */; };
		A58940311ECBC5E800C95A29 /* AudioManager.swift in Sources */ = {isa = PBXBuildFile; fileRef = A58940271ECBC5E800C95A29 /* AudioManager.swift */; };
		A58940321ECBC5E800C95A29 /* AudioQueue.swift in Sources */ = {isa = PBXBuildFile; fileRef = A58940281ECBC5E800C95A29 /* AudioQueue.swift */; };
		A58940331ECBC5E800C95A29 /* Background.swift in Sources */ = {isa = PBXBuildFile; fileRef = A58940291ECBC5E800C95A29 /* Background.swift */; };
		A58940341ECBC5E800C95A29 /* Camera.swift in Sources */ = {isa = PBXBuildFile; fileRef = A589402A1ECBC5E800C95A29 /* Camera.swift */; };
		A58940351ECBC5E800C95A29 /* CGFloatRandom.swift in Sources */ = {isa = PBXBuildFile; fileRef = A589402B1ECBC5E800C95A29 /* CGFloatRandom.swift */; };
		A58940361ECBC5E800C95A29 /* Collectable.swift in Sources */ = {isa = PBXBuildFile; fileRef = A589402C1ECBC5E800C95A29 /* Collectable.swift */; };
		A58940371ECBC5E800C95A29 /* DataManager.swift in Sources */ = {isa = PBXBuildFile; fileRef = A589402D1ECBC5E800C95A29 /* DataManager.swift */; };
		A58940381ECBC5E800C95A29 /* GameManager.swift in Sources */ = {isa = PBXBuildFile; fileRef = A589402E1ECBC5E800C95A29 /* GameManager.swift */; };
		A58940391ECBC5E800C95A29 /* Platform.swift in Sources */ = {isa = PBXBuildFile; fileRef = A589402F1ECBC5E800C95A29 /* Platform.swift */; };
		A589403A1ECBC5E800C95A29 /* Player.swift in Sources */ = {isa = PBXBuildFile; fileRef = A58940301ECBC5E800C95A29 /* Player.swift */; };
		A589403C1ECBC5FE00C95A29 /* Data.swift in Sources */ = {isa = PBXBuildFile; fileRef = A589403B1ECBC5FE00C95A29 /* Data.swift */; };
		A58940471ECBC70D00C95A29 /* GameScene.sks in Resources */ = {isa = PBXBuildFile; fileRef = A589403D1ECBC70D00C95A29 /* GameScene.sks */; };
		A58940481ECBC70D00C95A29 /* GameScene.swift in Sources */ = {isa = PBXBuildFile; fileRef = A589403E1ECBC70D00C95A29 /* GameScene.swift */; };
		A58940491ECBC70D00C95A29 /* InstructionsScene.sks in Resources */ = {isa = PBXBuildFile; fileRef = A589403F1ECBC70D00C95A29 /* InstructionsScene.sks */; };
		A589404A1ECBC70D00C95A29 /* InstructionsScene.swift in Sources */ = {isa = PBXBuildFile; fileRef = A58940401ECBC70D00C95A29 /* InstructionsScene.swift */; };
		A589404B1ECBC70D00C95A29 /* MenuScene.sks in Resources */ = {isa = PBXBuildFile; fileRef = A58940411ECBC70D00C95A29 /* MenuScene.sks */; };
		A589404C1ECBC70D00C95A29 /* MenuScene.swift in Sources */ = {isa = PBXBuildFile; fileRef = A58940421ECBC70D00C95A29 /* MenuScene.swift */; };
		A589404D1ECBC70D00C95A29 /* ScoresScene.sks in Resources */ = {isa = PBXBuildFile; fileRef = A58940431ECBC70D00C95A29 /* ScoresScene.sks */; };
		A589404E1ECBC70D00C95A29 /* ScoresScene.swift in Sources */ = {isa = PBXBuildFile; fileRef = A58940441ECBC70D00C95A29 /* ScoresScene.swift */; };
		A589404F1ECBC70D00C95A29 /* SettingsScene.sks in Resources */ = {isa = PBXBuildFile; fileRef = A58940451ECBC70D00C95A29 /* SettingsScene.sks */; };
		A58940501ECBC70D00C95A29 /* SettingsScene.swift in Sources */ = {isa = PBXBuildFile; fileRef = A58940461ECBC70D00C95A29 /* SettingsScene.swift */; };
		A58940521ECBC76300C95A29 /* GameViewController.swift in Sources */ = {isa = PBXBuildFile; fileRef = A58940511ECBC76300C95A29 /* GameViewController.swift */; };
		A58940561ECBC83700C95A29 /* SFDisplay-Regular.otf in Resources */ = {isa = PBXBuildFile; fileRef = A58940541ECBC7D800C95A29 /* SFDisplay-Regular.otf */; };
		A58940571ECBC83900C95A29 /* SFDisplay-Semibold.otf in Resources */ = {isa = PBXBuildFile; fileRef = A58940551ECBC7D800C95A29 /* SFDisplay-Semibold.otf */; };
/* End PBXBuildFile section */

/* Begin PBXContainerItemProxy section */
		A56CA5F71E9C0AEB002C81F5 /* PBXContainerItemProxy */ = {
			isa = PBXContainerItemProxy;
			containerPortal = A56CA5D41E9C0AEB002C81F5 /* Project object */;
			proxyType = 1;
			remoteGlobalIDString = A56CA5DB1E9C0AEB002C81F5;
			remoteInfo = Squared;
		};
		A56CA6021E9C0AEB002C81F5 /* PBXContainerItemProxy */ = {
			isa = PBXContainerItemProxy;
			containerPortal = A56CA5D41E9C0AEB002C81F5 /* Project object */;
			proxyType = 1;
			remoteGlobalIDString = A56CA5DB1E9C0AEB002C81F5;
			remoteInfo = Squared;
		};
/* End PBXContainerItemProxy section */

/* Begin PBXFileReference section */
		A56CA5DC1E9C0AEB002C81F5 /* Squared.app */ = {isa = PBXFileReference; explicitFileType = wrapper.application; includeInIndex = 0; path = Squared.app; sourceTree = BUILT_PRODUCTS_DIR; };
		A56CA5DF1E9C0AEB002C81F5 /* AppDelegate.swift */ = {isa = PBXFileReference; lastKnownFileType = sourcecode.swift; path = AppDelegate.swift; sourceTree = "<group>"; };
		A56CA5E31E9C0AEB002C81F5 /* Actions.sks */ = {isa = PBXFileReference; lastKnownFileType = file.sks; path = Actions.sks; sourceTree = "<group>"; };
		A56CA5EA1E9C0AEB002C81F5 /* Base */ = {isa = PBXFileReference; lastKnownFileType = file.storyboard; name = Base; path = Base.lproj/Main.storyboard; sourceTree = "<group>"; };
		A56CA5EC1E9C0AEB002C81F5 /* Assets.xcassets */ = {isa = PBXFileReference; lastKnownFileType = folder.assetcatalog; path = Assets.xcassets; sourceTree = "<group>"; };
		A56CA5EF1E9C0AEB002C81F5 /* Base */ = {isa = PBXFileReference; lastKnownFileType = file.storyboard; name = Base; path = Base.lproj/LaunchScreen.storyboard; sourceTree = "<group>"; };
		A56CA5F11E9C0AEB002C81F5 /* Info.plist */ = {isa = PBXFileReference; lastKnownFileType = text.plist.xml; path = Info.plist; sourceTree = "<group>"; };
		A56CA5F61E9C0AEB002C81F5 /* SquaredTests.xctest */ = {isa = PBXFileReference; explicitFileType = wrapper.cfbundle; includeInIndex = 0; path = SquaredTests.xctest; sourceTree = BUILT_PRODUCTS_DIR; };
		A56CA5FA1E9C0AEB002C81F5 /* SquaredTests.swift */ = {isa = PBXFileReference; lastKnownFileType = sourcecode.swift; path = SquaredTests.swift; sourceTree = "<group>"; };
		A56CA5FC1E9C0AEB002C81F5 /* Info.plist */ = {isa = PBXFileReference; lastKnownFileType = text.plist.xml; path = Info.plist; sourceTree = "<group>"; };
		A56CA6011E9C0AEB002C81F5 /* SquaredUITests.xctest */ = {isa = PBXFileReference; explicitFileType = wrapper.cfbundle; includeInIndex = 0; path = SquaredUITests.xctest; sourceTree = BUILT_PRODUCTS_DIR; };
		A56CA6051E9C0AEB002C81F5 /* SquaredUITests.swift */ = {isa = PBXFileReference; lastKnownFileType = sourcecode.swift; path = SquaredUITests.swift; sourceTree = "<group>"; };
		A56CA6071E9C0AEB002C81F5 /* Info.plist */ = {isa = PBXFileReference; lastKnownFileType = text.plist.xml; path = Info.plist; sourceTree = "<group>"; };
		A58940271ECBC5E800C95A29 /* AudioManager.swift */ = {isa = PBXFileReference; fileEncoding = 4; lastKnownFileType = sourcecode.swift; path = AudioManager.swift; sourceTree = "<group>"; };
		A58940281ECBC5E800C95A29 /* AudioQueue.swift */ = {isa = PBXFileReference; fileEncoding = 4; lastKnownFileType = sourcecode.swift; path = AudioQueue.swift; sourceTree = "<group>"; };
		A58940291ECBC5E800C95A29 /* Background.swift */ = {isa = PBXFileReference; fileEncoding = 4; lastKnownFileType = sourcecode.swift; path = Background.swift; sourceTree = "<group>"; };
		A589402A1ECBC5E800C95A29 /* Camera.swift */ = {isa = PBXFileReference; fileEncoding = 4; lastKnownFileType = sourcecode.swift; path = Camera.swift; sourceTree = "<group>"; };
		A589402B1ECBC5E800C95A29 /* CGFloatRandom.swift */ = {isa = PBXFileReference; fileEncoding = 4; lastKnownFileType = sourcecode.swift; path = CGFloatRandom.swift; sourceTree = "<group>"; };
		A589402C1ECBC5E800C95A29 /* Collectable.swift */ = {isa = PBXFileReference; fileEncoding = 4; lastKnownFileType = sourcecode.swift; path = Collectable.swift; sourceTree = "<group>"; };
		A589402D1ECBC5E800C95A29 /* DataManager.swift */ = {isa = PBXFileReference; fileEncoding = 4; lastKnownFileType = sourcecode.swift; path = DataManager.swift; sourceTree = "<group>"; };
		A589402E1ECBC5E800C95A29 /* GameManager.swift */ = {isa = PBXFileReference; fileEncoding = 4; lastKnownFileType = sourcecode.swift; path = GameManager.swift; sourceTree = "<group>"; };
		A589402F1ECBC5E800C95A29 /* Platform.swift */ = {isa = PBXFileReference; fileEncoding = 4; lastKnownFileType = sourcecode.swift; path = Platform.swift; sourceTree = "<group>"; };
		A58940301ECBC5E800C95A29 /* Player.swift */ = {isa = PBXFileReference; fileEncoding = 4; lastKnownFileType = sourcecode.swift; path = Player.swift; sourceTree = "<group>"; };
		A589403B1ECBC5FE00C95A29 /* Data.swift */ = {isa = PBXFileReference; fileEncoding = 4; lastKnownFileType = sourcecode.swift; path = Data.swift; sourceTree = "<group>"; };
		A589403D1ECBC70D00C95A29 /* GameScene.sks */ = {isa = PBXFileReference; lastKnownFileType = file.sks; path = GameScene.sks; sourceTree = "<group>"; };
		A589403E1ECBC70D00C95A29 /* GameScene.swift */ = {isa = PBXFileReference; fileEncoding = 4; lastKnownFileType = sourcecode.swift; path = GameScene.swift; sourceTree = "<group>"; };
		A589403F1ECBC70D00C95A29 /* InstructionsScene.sks */ = {isa = PBXFileReference; lastKnownFileType = file.sks; path = InstructionsScene.sks; sourceTree = "<group>"; };
		A58940401ECBC70D00C95A29 /* InstructionsScene.swift */ = {isa = PBXFileReference; fileEncoding = 4; lastKnownFileType = sourcecode.swift; path = InstructionsScene.swift; sourceTree = "<group>"; };
		A58940411ECBC70D00C95A29 /* MenuScene.sks */ = {isa = PBXFileReference; lastKnownFileType = file.sks; path = MenuScene.sks; sourceTree = "<group>"; };
		A58940421ECBC70D00C95A29 /* MenuScene.swift */ = {isa = PBXFileReference; fileEncoding = 4; lastKnownFileType = sourcecode.swift; path = MenuScene.swift; sourceTree = "<group>"; };
		A58940431ECBC70D00C95A29 /* ScoresScene.sks */ = {isa = PBXFileReference; lastKnownFileType = file.sks; path = ScoresScene.sks; sourceTree = "<group>"; };
		A58940441ECBC70D00C95A29 /* ScoresScene.swift */ = {isa = PBXFileReference; fileEncoding = 4; lastKnownFileType = sourcecode.swift; path = ScoresScene.swift; sourceTree = "<group>"; };
		A58940451ECBC70D00C95A29 /* SettingsScene.sks */ = {isa = PBXFileReference; lastKnownFileType = file.sks; path = SettingsScene.sks; sourceTree = "<group>"; };
		A58940461ECBC70D00C95A29 /* SettingsScene.swift */ = {isa = PBXFileReference; fileEncoding = 4; lastKnownFileType = sourcecode.swift; path = SettingsScene.swift; sourceTree = "<group>"; };
		A58940511ECBC76300C95A29 /* GameViewController.swift */ = {isa = PBXFileReference; fileEncoding = 4; lastKnownFileType = sourcecode.swift; name = GameViewController.swift; path = GameViewController.swift; sourceTree = "<group>"; };
		A58940541ECBC7D800C95A29 /* SFDisplay-Regular.otf */ = {isa = PBXFileReference; lastKnownFileType = file; path = "SFDisplay-Regular.otf"; sourceTree = "<group>"; };
		A58940551ECBC7D800C95A29 /* SFDisplay-Semibold.otf */ = {isa = PBXFileReference; lastKnownFileType = file; path = "SFDisplay-Semibold.otf"; sourceTree = "<group>"; };
/* End PBXFileReference section */

/* Begin PBXFrameworksBuildPhase section */
		A56CA5D91E9C0AEB002C81F5 /* Frameworks */ = {
			isa = PBXFrameworksBuildPhase;
			buildActionMask = 2147483647;
			files = (
			);
			runOnlyForDeploymentPostprocessing = 0;
		};
		A56CA5F31E9C0AEB002C81F5 /* Frameworks */ = {
			isa = PBXFrameworksBuildPhase;
			buildActionMask = 2147483647;
			files = (
			);
			runOnlyForDeploymentPostprocessing = 0;
		};
		A56CA5FE1E9C0AEB002C81F5 /* Frameworks */ = {
			isa = PBXFrameworksBuildPhase;
			buildActionMask = 2147483647;
			files = (
			);
			runOnlyForDeploymentPostprocessing = 0;
		};
/* End PBXFrameworksBuildPhase section */

/* Begin PBXGroup section */
		A56CA5D31E9C0AEB002C81F5 = {
			isa = PBXGroup;
			children = (
				A56CA5DD1E9C0AEB002C81F5 /* Products */,
				A56CA5DE1E9C0AEB002C81F5 /* Squared */,
				A56CA5F91E9C0AEB002C81F5 /* SquaredTests */,
				A56CA6041E9C0AEB002C81F5 /* SquaredUITests */,
			);
			sourceTree = "<group>";
		};
		A56CA5DD1E9C0AEB002C81F5 /* Products */ = {
			isa = PBXGroup;
			children = (
				A56CA5DC1E9C0AEB002C81F5 /* Squared.app */,
				A56CA5F61E9C0AEB002C81F5 /* SquaredTests.xctest */,
				A56CA6011E9C0AEB002C81F5 /* SquaredUITests.xctest */,
			);
			name = Products;
			sourceTree = "<group>";
		};
		A56CA5DE1E9C0AEB002C81F5 /* Squared */ = {
			isa = PBXGroup;
			children = (
				A58940231ECBC59800C95A29 /* Controller */,
				A58940251ECBC5A600C95A29 /* Data */,
				A58940531ECBC7C300C95A29 /* Font */,
				A58940261ECBC5AA00C95A29 /* Scene */,
				A56CA5E31E9C0AEB002C81F5 /* Actions.sks */,
				A56CA5DF1E9C0AEB002C81F5 /* AppDelegate.swift */,
				A56CA5EC1E9C0AEB002C81F5 /* Assets.xcassets */,
				A58940511ECBC76300C95A29 /* GameViewController.swift */,
				A56CA5F11E9C0AEB002C81F5 /* Info.plist */,
				A56CA5EE1E9C0AEB002C81F5 /* LaunchScreen.storyboard */,
				A56CA5E91E9C0AEB002C81F5 /* Main.storyboard */,
			);
			path = Squared;
			sourceTree = "<group>";
		};
		A56CA5F91E9C0AEB002C81F5 /* SquaredTests */ = {
			isa = PBXGroup;
			children = (
				A56CA5FC1E9C0AEB002C81F5 /* Info.plist */,
				A56CA5FA1E9C0AEB002C81F5 /* SquaredTests.swift */,
			);
			path = SquaredTests;
			sourceTree = "<group>";
		};
		A56CA6041E9C0AEB002C81F5 /* SquaredUITests */ = {
			isa = PBXGroup;
			children = (
				A56CA6071E9C0AEB002C81F5 /* Info.plist */,
				A56CA6051E9C0AEB002C81F5 /* SquaredUITests.swift */,
			);
			path = SquaredUITests;
			sourceTree = "<group>";
		};
		A58940231ECBC59800C95A29 /* Controller */ = {
			isa = PBXGroup;
			children = (
				A58940271ECBC5E800C95A29 /* AudioManager.swift */,
				A58940281ECBC5E800C95A29 /* AudioQueue.swift */,
				A58940291ECBC5E800C95A29 /* Background.swift */,
				A589402B1ECBC5E800C95A29 /* CGFloatRandom.swift */,
				A589402A1ECBC5E800C95A29 /* Camera.swift */,
				A589402C1ECBC5E800C95A29 /* Collectable.swift */,
				A589402D1ECBC5E800C95A29 /* DataManager.swift */,
				A589402E1ECBC5E800C95A29 /* GameManager.swift */,
				A589402F1ECBC5E800C95A29 /* Platform.swift */,
				A58940301ECBC5E800C95A29 /* Player.swift */,
			);
			name = Controller;
			path = Controller;
			sourceTree = "<group>";
		};
		A58940251ECBC5A600C95A29 /* Data */ = {
			isa = PBXGroup;
			children = (
				A589403B1ECBC5FE00C95A29 /* Data.swift */,
			);
			name = Data;
			path = Data;
			sourceTree = "<group>";
		};
		A58940261ECBC5AA00C95A29 /* Scene */ = {
			isa = PBXGroup;
			children = (
				A589403D1ECBC70D00C95A29 /* GameScene.sks */,
				A589403E1ECBC70D00C95A29 /* GameScene.swift */,
				A589403F1ECBC70D00C95A29 /* InstructionsScene.sks */,
				A58940401ECBC70D00C95A29 /* InstructionsScene.swift */,
				A58940411ECBC70D00C95A29 /* MenuScene.sks */,
				A58940421ECBC70D00C95A29 /* MenuScene.swift */,
				A58940431ECBC70D00C95A29 /* ScoresScene.sks */,
				A58940441ECBC70D00C95A29 /* ScoresScene.swift */,
				A58940451ECBC70D00C95A29 /* SettingsScene.sks */,
				A58940461ECBC70D00C95A29 /* SettingsScene.swift */,
			);
			name = Scene;
			path = Scene;
			sourceTree = "<group>";
		};
		A58940531ECBC7C300C95A29 /* Font */ = {
			isa = PBXGroup;
			children = (
				A58940541ECBC7D800C95A29 /* SFDisplay-Regular.otf */,
				A58940551ECBC7D800C95A29 /* SFDisplay-Semibold.otf */,
			);
			name = Font;
			path = Font;
			sourceTree = "<group>";
		};
/* End PBXGroup section */

/* Begin PBXNativeTarget section */
		A56CA5DB1E9C0AEB002C81F5 /* Squared */ = {
			isa = PBXNativeTarget;
			buildConfigurationList = A56CA60A1E9C0AEB002C81F5 /* Build configuration list for PBXNativeTarget "Squared" */;
			buildPhases = (
				A56CA5D81E9C0AEB002C81F5 /* Sources */,
				A56CA5D91E9C0AEB002C81F5 /* Frameworks */,
				A56CA5DA1E9C0AEB002C81F5 /* Resources */,
			);
			buildRules = (
			);
			dependencies = (
			);
			name = Squared;
			productName = Squared;
			productReference = A56CA5DC1E9C0AEB002C81F5 /* Squared.app */;
			productType = "com.apple.product-type.application";
		};
		A56CA5F51E9C0AEB002C81F5 /* SquaredTests */ = {
			isa = PBXNativeTarget;
			buildConfigurationList = A56CA60D1E9C0AEB002C81F5 /* Build configuration list for PBXNativeTarget "SquaredTests" */;
			buildPhases = (
				A56CA5F21E9C0AEB002C81F5 /* Sources */,
				A56CA5F31E9C0AEB002C81F5 /* Frameworks */,
				A56CA5F41E9C0AEB002C81F5 /* Resources */,
			);
			buildRules = (
			);
			dependencies = (
				A56CA5F81E9C0AEB002C81F5 /* PBXTargetDependency */,
			);
			name = SquaredTests;
			productName = SquaredTests;
			productReference = A56CA5F61E9C0AEB002C81F5 /* SquaredTests.xctest */;
			productType = "com.apple.product-type.bundle.unit-test";
		};
		A56CA6001E9C0AEB002C81F5 /* SquaredUITests */ = {
			isa = PBXNativeTarget;
			buildConfigurationList = A56CA6101E9C0AEB002C81F5 /* Build configuration list for PBXNativeTarget "SquaredUITests" */;
			buildPhases = (
				A56CA5FD1E9C0AEB002C81F5 /* Sources */,
				A56CA5FE1E9C0AEB002C81F5 /* Frameworks */,
				A56CA5FF1E9C0AEB002C81F5 /* Resources */,
			);
			buildRules = (
			);
			dependencies = (
				A56CA6031E9C0AEB002C81F5 /* PBXTargetDependency */,
			);
			name = SquaredUITests;
			productName = SquaredUITests;
			productReference = A56CA6011E9C0AEB002C81F5 /* SquaredUITests.xctest */;
			productType = "com.apple.product-type.bundle.ui-testing";
		};
/* End PBXNativeTarget section */

/* Begin PBXProject section */
		A56CA5D41E9C0AEB002C81F5 /* Project object */ = {
			isa = PBXProject;
			attributes = {
				LastSwiftUpdateCheck = 0830;
				LastUpgradeCheck = 0830;
				ORGANIZATIONNAME = "Conor McKillop";
				TargetAttributes = {
					A56CA5DB1E9C0AEB002C81F5 = {
						CreatedOnToolsVersion = 8.3.1;
						DevelopmentTeam = QBW9NSJRX6;
						ProvisioningStyle = Automatic;
					};
					A56CA5F51E9C0AEB002C81F5 = {
						CreatedOnToolsVersion = 8.3.1;
						DevelopmentTeam = QBW9NSJRX6;
						ProvisioningStyle = Automatic;
						TestTargetID = A56CA5DB1E9C0AEB002C81F5;
					};
					A56CA6001E9C0AEB002C81F5 = {
						CreatedOnToolsVersion = 8.3.1;
						DevelopmentTeam = QBW9NSJRX6;
						ProvisioningStyle = Automatic;
						TestTargetID = A56CA5DB1E9C0AEB002C81F5;
					};
				};
			};
			buildConfigurationList = A56CA5D71E9C0AEB002C81F5 /* Build configuration list for PBXProject "Squared" */;
			compatibilityVersion = "Xcode 3.2";
			developmentRegion = English;
			hasScannedForEncodings = 0;
			knownRegions = (
				en,
				Base,
			);
			mainGroup = A56CA5D31E9C0AEB002C81F5;
			productRefGroup = A56CA5DD1E9C0AEB002C81F5 /* Products */;
			projectDirPath = "";
			projectRoot = "";
			targets = (
				A56CA5DB1E9C0AEB002C81F5 /* Squared */,
				A56CA5F51E9C0AEB002C81F5 /* SquaredTests */,
				A56CA6001E9C0AEB002C81F5 /* SquaredUITests */,
			);
		};
/* End PBXProject section */

/* Begin PBXResourcesBuildPhase section */
		A56CA5DA1E9C0AEB002C81F5 /* Resources */ = {
			isa = PBXResourcesBuildPhase;
			buildActionMask = 2147483647;
			files = (
				A589404F1ECBC70D00C95A29 /* SettingsScene.sks in Resources */,
				A58940571ECBC83900C95A29 /* SFDisplay-Semibold.otf in Resources */,
				A56CA5EB1E9C0AEB002C81F5 /* Main.storyboard in Resources */,
				A58940561ECBC83700C95A29 /* SFDisplay-Regular.otf in Resources */,
				A58940471ECBC70D00C95A29 /* GameScene.sks in Resources */,
				A56CA5ED1E9C0AEB002C81F5 /* Assets.xcassets in Resources */,
				A589404D1ECBC70D00C95A29 /* ScoresScene.sks in Resources */,
				A58940491ECBC70D00C95A29 /* InstructionsScene.sks in Resources */,
				A56CA5F01E9C0AEB002C81F5 /* LaunchScreen.storyboard in Resources */,
				A56CA5E41E9C0AEB002C81F5 /* Actions.sks in Resources */,
				A589404B1ECBC70D00C95A29 /* MenuScene.sks in Resources */,
			);
			runOnlyForDeploymentPostprocessing = 0;
		};
		A56CA5F41E9C0AEB002C81F5 /* Resources */ = {
			isa = PBXResourcesBuildPhase;
			buildActionMask = 2147483647;
			files = (
			);
			runOnlyForDeploymentPostprocessing = 0;
		};
		A56CA5FF1E9C0AEB002C81F5 /* Resources */ = {
			isa = PBXResourcesBuildPhase;
			buildActionMask = 2147483647;
			files = (
			);
			runOnlyForDeploymentPostprocessing = 0;
		};
/* End PBXResourcesBuildPhase section */

/* Begin PBXSourcesBuildPhase section */
		A56CA5D81E9C0AEB002C81F5 /* Sources */ = {
			isa = PBXSourcesBuildPhase;
			buildActionMask = 2147483647;
			files = (
				A58940371ECBC5E800C95A29 /* DataManager.swift in Sources */,
				A58940321ECBC5E800C95A29 /* AudioQueue.swift in Sources */,
				A58940381ECBC5E800C95A29 /* GameManager.swift in Sources */,
				A589403A1ECBC5E800C95A29 /* Player.swift in Sources */,
				A58940521ECBC76300C95A29 /* GameViewController.swift in Sources */,
				A58940361ECBC5E800C95A29 /* Collectable.swift in Sources */,
				A589403C1ECBC5FE00C95A29 /* Data.swift in Sources */,
				A58940391ECBC5E800C95A29 /* Platform.swift in Sources */,
				A58940311ECBC5E800C95A29 /* AudioManager.swift in Sources */,
				A58940481ECBC70D00C95A29 /* GameScene.swift in Sources */,
				A589404E1ECBC70D00C95A29 /* ScoresScene.swift in Sources */,
				A56CA5E01E9C0AEB002C81F5 /* AppDelegate.swift in Sources */,
				A58940501ECBC70D00C95A29 /* SettingsScene.swift in Sources */,
				A58940341ECBC5E800C95A29 /* Camera.swift in Sources */,
				A589404A1ECBC70D00C95A29 /* InstructionsScene.swift in Sources */,
				A589404C1ECBC70D00C95A29 /* MenuScene.swift in Sources */,
				A58940331ECBC5E800C95A29 /* Background.swift in Sources */,
				A58940351ECBC5E800C95A29 /* CGFloatRandom.swift in Sources */,
			);
			runOnlyForDeploymentPostprocessing = 0;
		};
		A56CA5F21E9C0AEB002C81F5 /* Sources */ = {
			isa = PBXSourcesBuildPhase;
			buildActionMask = 2147483647;
			files = (
				A56CA5FB1E9C0AEB002C81F5 /* SquaredTests.swift in Sources */,
			);
			runOnlyForDeploymentPostprocessing = 0;
		};
		A56CA5FD1E9C0AEB002C81F5 /* Sources */ = {
			isa = PBXSourcesBuildPhase;
			buildActionMask = 2147483647;
			files = (
				A56CA6061E9C0AEB002C81F5 /* SquaredUITests.swift in Sources */,
			);
			runOnlyForDeploymentPostprocessing = 0;
		};
/* End PBXSourcesBuildPhase section */

/* Begin PBXTargetDependency section */
		A56CA5F81E9C0AEB002C81F5 /* PBXTargetDependency */ = {
			isa = PBXTargetDependency;
			target = A56CA5DB1E9C0AEB002C81F5 /* Squared */;
			targetProxy = A56CA5F71E9C0AEB002C81F5 /* PBXContainerItemProxy */;
		};
		A56CA6031E9C0AEB002C81F5 /* PBXTargetDependency */ = {
			isa = PBXTargetDependency;
			target = A56CA5DB1E9C0AEB002C81F5 /* Squared */;
			targetProxy = A56CA6021E9C0AEB002C81F5 /* PBXContainerItemProxy */;
		};
/* End PBXTargetDependency section */

/* Begin PBXVariantGroup section */
		A56CA5E91E9C0AEB002C81F5 /* Main.storyboard */ = {
			isa = PBXVariantGroup;
			children = (
				A56CA5EA1E9C0AEB002C81F5 /* Base */,
			);
			name = Main.storyboard;
			path = .;
			sourceTree = "<group>";
		};
		A56CA5EE1E9C0AEB002C81F5 /* LaunchScreen.storyboard */ = {
			isa = PBXVariantGroup;
			children = (
				A56CA5EF1E9C0AEB002C81F5 /* Base */,
			);
			name = LaunchScreen.storyboard;
			path = .;
			sourceTree = "<group>";
		};
/* End PBXVariantGroup section */

/* Begin XCBuildConfiguration section */
		A56CA6081E9C0AEB002C81F5 /* Debug */ = {
			isa = XCBuildConfiguration;
			buildSettings = {
				ALWAYS_SEARCH_USER_PATHS = NO;
				CLANG_ANALYZER_NONNULL = YES;
				CLANG_ANALYZER_NUMBER_OBJECT_CONVERSION = YES_AGGRESSIVE;
				CLANG_CXX_LANGUAGE_STANDARD = "gnu++0x";
				CLANG_CXX_LIBRARY = "libc++";
				CLANG_ENABLE_MODULES = YES;
				CLANG_ENABLE_OBJC_ARC = YES;
				CLANG_WARN_BOOL_CONVERSION = YES;
				CLANG_WARN_CONSTANT_CONVERSION = YES;
				CLANG_WARN_DIRECT_OBJC_ISA_USAGE = YES_ERROR;
				CLANG_WARN_DOCUMENTATION_COMMENTS = YES;
				CLANG_WARN_EMPTY_BODY = YES;
				CLANG_WARN_ENUM_CONVERSION = YES;
				CLANG_WARN_INFINITE_RECURSION = YES;
				CLANG_WARN_INT_CONVERSION = YES;
				CLANG_WARN_OBJC_ROOT_CLASS = YES_ERROR;
				CLANG_WARN_SUSPICIOUS_MOVE = YES;
				CLANG_WARN_UNREACHABLE_CODE = YES;
				CLANG_WARN__DUPLICATE_METHOD_MATCH = YES;
				"CODE_SIGN_IDENTITY[sdk=iphoneos*]" = "iPhone Developer";
				COPY_PHASE_STRIP = NO;
				DEBUG_INFORMATION_FORMAT = dwarf;
				ENABLE_STRICT_OBJC_MSGSEND = YES;
				ENABLE_TESTABILITY = YES;
				GCC_C_LANGUAGE_STANDARD = gnu99;
				GCC_DYNAMIC_NO_PIC = NO;
				GCC_NO_COMMON_BLOCKS = YES;
				GCC_OPTIMIZATION_LEVEL = 0;
				GCC_PREPROCESSOR_DEFINITIONS = (
					"DEBUG=1",
					"$(inherited)",
				);
				GCC_WARN_64_TO_32_BIT_CONVERSION = YES;
				GCC_WARN_ABOUT_RETURN_TYPE = YES_ERROR;
				GCC_WARN_UNDECLARED_SELECTOR = YES;
				GCC_WARN_UNINITIALIZED_AUTOS = YES_AGGRESSIVE;
				GCC_WARN_UNUSED_FUNCTION = YES;
				GCC_WARN_UNUSED_VARIABLE = YES;
				IPHONEOS_DEPLOYMENT_TARGET = 10.3;
				MTL_ENABLE_DEBUG_INFO = YES;
				ONLY_ACTIVE_ARCH = YES;
				SDKROOT = iphoneos;
				SWIFT_ACTIVE_COMPILATION_CONDITIONS = DEBUG;
				SWIFT_OPTIMIZATION_LEVEL = "-Onone";
			};
			name = Debug;
		};
		A56CA6091E9C0AEB002C81F5 /* Release */ = {
			isa = XCBuildConfiguration;
			buildSettings = {
				ALWAYS_SEARCH_USER_PATHS = NO;
				CLANG_ANALYZER_NONNULL = YES;
				CLANG_ANALYZER_NUMBER_OBJECT_CONVERSION = YES_AGGRESSIVE;
				CLANG_CXX_LANGUAGE_STANDARD = "gnu++0x";
				CLANG_CXX_LIBRARY = "libc++";
				CLANG_ENABLE_MODULES = YES;
				CLANG_ENABLE_OBJC_ARC = YES;
				CLANG_WARN_BOOL_CONVERSION = YES;
				CLANG_WARN_CONSTANT_CONVERSION = YES;
				CLANG_WARN_DIRECT_OBJC_ISA_USAGE = YES_ERROR;
				CLANG_WARN_DOCUMENTATION_COMMENTS = YES;
				CLANG_WARN_EMPTY_BODY = YES;
				CLANG_WARN_ENUM_CONVERSION = YES;
				CLANG_WARN_INFINITE_RECURSION = YES;
				CLANG_WARN_INT_CONVERSION = YES;
				CLANG_WARN_OBJC_ROOT_CLASS = YES_ERROR;
				CLANG_WARN_SUSPICIOUS_MOVE = YES;
				CLANG_WARN_UNREACHABLE_CODE = YES;
				CLANG_WARN__DUPLICATE_METHOD_MATCH = YES;
				"CODE_SIGN_IDENTITY[sdk=iphoneos*]" = "iPhone Developer";
				COPY_PHASE_STRIP = NO;
				DEBUG_INFORMATION_FORMAT = "dwarf-with-dsym";
				ENABLE_NS_ASSERTIONS = NO;
				ENABLE_STRICT_OBJC_MSGSEND = YES;
				GCC_C_LANGUAGE_STANDARD = gnu99;
				GCC_NO_COMMON_BLOCKS = YES;
				GCC_WARN_64_TO_32_BIT_CONVERSION = YES;
				GCC_WARN_ABOUT_RETURN_TYPE = YES_ERROR;
				GCC_WARN_UNDECLARED_SELECTOR = YES;
				GCC_WARN_UNINITIALIZED_AUTOS = YES_AGGRESSIVE;
				GCC_WARN_UNUSED_FUNCTION = YES;
				GCC_WARN_UNUSED_VARIABLE = YES;
				IPHONEOS_DEPLOYMENT_TARGET = 10.3;
				MTL_ENABLE_DEBUG_INFO = NO;
				SDKROOT = iphoneos;
				SWIFT_OPTIMIZATION_LEVEL = "-Owholemodule";
				VALIDATE_PRODUCT = YES;
			};
			name = Release;
		};
		A56CA60B1E9C0AEB002C81F5 /* Debug */ = {
			isa = XCBuildConfiguration;
			buildSettings = {
				ASSETCATALOG_COMPILER_APPICON_NAME = AppIcon;
				DEVELOPMENT_TEAM = QBW9NSJRX6;
				INFOPLIST_FILE = Squared/Info.plist;
				IPHONEOS_DEPLOYMENT_TARGET = 10.3;
				LD_RUNPATH_SEARCH_PATHS = "$(inherited) @executable_path/Frameworks";
				PRODUCT_BUNDLE_IDENTIFIER = com.cmckillop.Squared;
				PRODUCT_NAME = "$(TARGET_NAME)";
				SWIFT_VERSION = 3.0;
			};
			name = Debug;
		};
		A56CA60C1E9C0AEB002C81F5 /* Release */ = {
			isa = XCBuildConfiguration;
			buildSettings = {
				ASSETCATALOG_COMPILER_APPICON_NAME = AppIcon;
				DEVELOPMENT_TEAM = QBW9NSJRX6;
				INFOPLIST_FILE = Squared/Info.plist;
				IPHONEOS_DEPLOYMENT_TARGET = 10.3;
				LD_RUNPATH_SEARCH_PATHS = "$(inherited) @executable_path/Frameworks";
				PRODUCT_BUNDLE_IDENTIFIER = com.cmckillop.Squared;
				PRODUCT_NAME = "$(TARGET_NAME)";
				SWIFT_VERSION = 3.0;
			};
			name = Release;
		};
		A56CA60E1E9C0AEB002C81F5 /* Debug */ = {
			isa = XCBuildConfiguration;
			buildSettings = {
				ALWAYS_EMBED_SWIFT_STANDARD_LIBRARIES = YES;
				BUNDLE_LOADER = "$(TEST_HOST)";
				DEVELOPMENT_TEAM = QBW9NSJRX6;
				INFOPLIST_FILE = SquaredTests/Info.plist;
				LD_RUNPATH_SEARCH_PATHS = "$(inherited) @executable_path/Frameworks @loader_path/Frameworks";
				PRODUCT_BUNDLE_IDENTIFIER = com.cmckillop.SquaredTests;
				PRODUCT_NAME = "$(TARGET_NAME)";
				SWIFT_VERSION = 3.0;
				TEST_HOST = "$(BUILT_PRODUCTS_DIR)/Squared.app/Squared";
			};
			name = Debug;
		};
		A56CA60F1E9C0AEB002C81F5 /* Release */ = {
			isa = XCBuildConfiguration;
			buildSettings = {
				ALWAYS_EMBED_SWIFT_STANDARD_LIBRARIES = YES;
				BUNDLE_LOADER = "$(TEST_HOST)";
				DEVELOPMENT_TEAM = QBW9NSJRX6;
				INFOPLIST_FILE = SquaredTests/Info.plist;
				LD_RUNPATH_SEARCH_PATHS = "$(inherited) @executable_path/Frameworks @loader_path/Frameworks";
				PRODUCT_BUNDLE_IDENTIFIER = com.cmckillop.SquaredTests;
				PRODUCT_NAME = "$(TARGET_NAME)";
				SWIFT_VERSION = 3.0;
				TEST_HOST = "$(BUILT_PRODUCTS_DIR)/Squared.app/Squared";
			};
			name = Release;
		};
		A56CA6111E9C0AEB002C81F5 /* Debug */ = {
			isa = XCBuildConfiguration;
			buildSettings = {
				ALWAYS_EMBED_SWIFT_STANDARD_LIBRARIES = YES;
				DEVELOPMENT_TEAM = QBW9NSJRX6;
				INFOPLIST_FILE = SquaredUITests/Info.plist;
				LD_RUNPATH_SEARCH_PATHS = "$(inherited) @executable_path/Frameworks @loader_path/Frameworks";
				PRODUCT_BUNDLE_IDENTIFIER = com.cmckillop.SquaredUITests;
				PRODUCT_NAME = "$(TARGET_NAME)";
				SWIFT_VERSION = 3.0;
				TEST_TARGET_NAME = Squared;
			};
			name = Debug;
		};
		A56CA6121E9C0AEB002C81F5 /* Release */ = {
			isa = XCBuildConfiguration;
			buildSettings = {
				ALWAYS_EMBED_SWIFT_STANDARD_LIBRARIES = YES;
				DEVELOPMENT_TEAM = QBW9NSJRX6;
				INFOPLIST_FILE = SquaredUITests/Info.plist;
				LD_RUNPATH_SEARCH_PATHS = "$(inherited) @executable_path/Frameworks @loader_path/Frameworks";
				PRODUCT_BUNDLE_IDENTIFIER = com.cmckillop.SquaredUITests;
				PRODUCT_NAME = "$(TARGET_NAME)";
				SWIFT_VERSION = 3.0;
				TEST_TARGET_NAME = Squared;
			};
			name = Release;
		};
/* End XCBuildConfiguration section */

/* Begin XCConfigurationList section */
		A56CA5D71E9C0AEB002C81F5 /* Build configuration list for PBXProject "Squared" */ = {
			isa = XCConfigurationList;
			buildConfigurations = (
				A56CA6081E9C0AEB002C81F5 /* Debug */,
				A56CA6091E9C0AEB002C81F5 /* Release */,
			);
			defaultConfigurationIsVisible = 0;
			defaultConfigurationName = Release;
		};
		A56CA60A1E9C0AEB002C81F5 /* Build configuration list for PBXNativeTarget "Squared" */ = {
			isa = XCConfigurationList;
			buildConfigurations = (
				A56CA60B1E9C0AEB002C81F5 /* Debug */,
				A56CA60C1E9C0AEB002C81F5 /* Release */,
			);
			defaultConfigurationIsVisible = 0;
			defaultConfigurationName = Release;
		};
		A56CA60D1E9C0AEB002C81F5 /* Build configuration list for PBXNativeTarget "SquaredTests" */ = {
			isa = XCConfigurationList;
			buildConfigurations = (
				A56CA60E1E9C0AEB002C81F5 /* Debug */,
				A56CA60F1E9C0AEB002C81F5 /* Release */,
			);
			defaultConfigurationIsVisible = 0;
			defaultConfigurationName = Release;
		};
		A56CA6101E9C0AEB002C81F5 /* Build configuration list for PBXNativeTarget "SquaredUITests" */ = {
			isa = XCConfigurationList;
			buildConfigurations = (
				A56CA6111E9C0AEB002C81F5 /* Debug */,
				A56CA6121E9C0AEB002C81F5 /* Release */,
			);
			defaultConfigurationIsVisible = 0;
			defaultConfigurationName = Release;
		};
/* End XCConfigurationList section */
	};
	rootObject = A56CA5D41E9C0AEB002C81F5 /* Project object */;
}
